
Microsoft Visual Studio Solution File, Format Version 12.00
# Visual Studio Version 17
VisualStudioVersion = 17.12.35707.178
MinimumVisualStudioVersion = 10.0.40219.1
Project("{2150E333-8FDC-42A3-9474-1A3956D46DE8}") = "1-Presentation Layer", "1-Presentation Layer", "{5C639FB4-0C62-45F2-ADB2-83D73A6EB724}"
EndProject
Project("{2150E333-8FDC-42A3-9474-1A3956D46DE8}") = "1.1-Console Apps", "1.1-Console Apps", "{D06168A7-F4A6-446D-B237-3DC3622EBF6D}"
EndProject
Project("{2150E333-8FDC-42A3-9474-1A3956D46DE8}") = "1.2-Desktop Apps", "1.2-Desktop Apps", "{42E5675B-824C-455F-A942-5C532D0FA2B3}"
EndProject
Project("{2150E333-8FDC-42A3-9474-1A3956D46DE8}") = "1.3-Mobile Apps", "1.3-Mobile Apps", "{471F9D24-BAB4-44A0-9014-46273104777A}"
EndProject
Project("{2150E333-8FDC-42A3-9474-1A3956D46DE8}") = "2-Service Layer", "2-Service Layer", "{19CE2236-D84D-4D2E-8C24-ABA5E727F2D5}"
EndProject
Project("{2150E333-8FDC-42A3-9474-1A3956D46DE8}") = "1.4-Web Apps", "1.4-Web Apps", "{6D26A270-EED1-415F-927D-CFC1E6509682}"
EndProject
Project("{2150E333-8FDC-42A3-9474-1A3956D46DE8}") = "2.1-WebApis", "2.1-WebApis", "{12AB2312-1A0A-46E0-BFB2-D4DFE2228DA5}"
EndProject
Project("{2150E333-8FDC-42A3-9474-1A3956D46DE8}") = "3-Application Layer", "3-Application Layer", "{B9737C8E-F85B-48B0-A3AD-07DF7A1999BD}"
EndProject
Project("{2150E333-8FDC-42A3-9474-1A3956D46DE8}") = "4-Domain Layer", "4-Domain Layer", "{235AFE2C-ED55-46E6-8F7F-CC73509FBA4A}"
EndProject
Project("{2150E333-8FDC-42A3-9474-1A3956D46DE8}") = "5-Infrastructure Layer", "5-Infrastructure Layer", "{50A4F20C-8267-4271-85EC-EC3020E4818E}"
EndProject
Project("{2150E333-8FDC-42A3-9474-1A3956D46DE8}") = "5.1-CrossCutting", "5.1-CrossCutting", "{E18015DA-56EE-42EF-85D7-B48BE8B411A0}"
EndProject
Project("{2150E333-8FDC-42A3-9474-1A3956D46DE8}") = "5.2-Data", "5.2-Data", "{185DDDAA-466A-47B5-97DA-3352728CA3B2}"
EndProject
Project("{2150E333-8FDC-42A3-9474-1A3956D46DE8}") = "6-Tests", "6-Tests", "{072B3492-74EF-4A50-905F-1E2BD2CC7A0E}"
EndProject
Project("{2150E333-8FDC-42A3-9474-1A3956D46DE8}") = "7-Database", "7-Database", "{F3FA88F8-255E-47D8-A6BD-351C8E3DD538}"
EndProject
Project("{2150E333-8FDC-42A3-9474-1A3956D46DE8}") = "8-Docs", "8-Docs", "{D49D8B5B-05D1-402A-8CEF-0B80E9D82BED}"
EndProject
Project("{FAE04EC0-301F-11D3-BF4B-00C04F79EFBC}") = "BaseLibrary", "src\BaseLibrary\BaseLibrary.csproj", "{62FF25A7-67F6-4262-A694-52D2AEB47E2A}"
EndProject
Project("{FAE04EC0-301F-11D3-BF4B-00C04F79EFBC}") = "ServerLibrary", "src\ServerLibrary\ServerLibrary.csproj", "{B429470C-6734-422C-8E9B-D30A73A0ABE1}"
EndProject
Project("{FAE04EC0-301F-11D3-BF4B-00C04F79EFBC}") = "ClientLibrary", "src\ClientLibrary\ClientLibrary.csproj", "{43619C33-41B0-4E53-99EF-1A01A6F1614C}"
EndProject
Project("{FAE04EC0-301F-11D3-BF4B-00C04F79EFBC}") = "AdminLibrary", "src\AdminLibrary\AdminLibrary.csproj", "{A250C5DE-ABC5-40D5-A066-78D8D91DD480}"
EndProject
Project("{FAE04EC0-301F-11D3-BF4B-00C04F79EFBC}") = "MoneeAdmin", "src\MoneeAdmin\MoneeAdmin.csproj", "{44363274-64D1-48F3-B8BB-8AD6C8495701}"
EndProject
Project("{FAE04EC0-301F-11D3-BF4B-00C04F79EFBC}") = "MoneeServer", "src\MoneeServer\MoneeServer.csproj", "{0AEEB272-B6F0-4934-87B1-60E7A43812CF}"
EndProject
Global
	GlobalSection(SolutionConfigurationPlatforms) = preSolution
		Debug|Any CPU = Debug|Any CPU
		Release|Any CPU = Release|Any CPU
	EndGlobalSection
	GlobalSection(ProjectConfigurationPlatforms) = postSolution
		{62FF25A7-67F6-4262-A694-52D2AEB47E2A}.Debug|Any CPU.ActiveCfg = Debug|Any CPU
		{62FF25A7-67F6-4262-A694-52D2AEB47E2A}.Debug|Any CPU.Build.0 = Debug|Any CPU
		{62FF25A7-67F6-4262-A694-52D2AEB47E2A}.Release|Any CPU.ActiveCfg = Release|Any CPU
		{62FF25A7-67F6-4262-A694-52D2AEB47E2A}.Release|Any CPU.Build.0 = Release|Any CPU
		{B429470C-6734-422C-8E9B-D30A73A0ABE1}.Debug|Any CPU.ActiveCfg = Debug|Any CPU
		{B429470C-6734-422C-8E9B-D30A73A0ABE1}.Debug|Any CPU.Build.0 = Debug|Any CPU
		{B429470C-6734-422C-8E9B-D30A73A0ABE1}.Release|Any CPU.ActiveCfg = Release|Any CPU
		{B429470C-6734-422C-8E9B-D30A73A0ABE1}.Release|Any CPU.Build.0 = Release|Any CPU
		{43619C33-41B0-4E53-99EF-1A01A6F1614C}.Debug|Any CPU.ActiveCfg = Debug|Any CPU
		{43619C33-41B0-4E53-99EF-1A01A6F1614C}.Debug|Any CPU.Build.0 = Debug|Any CPU
		{43619C33-41B0-4E53-99EF-1A01A6F1614C}.Release|Any CPU.ActiveCfg = Release|Any CPU
		{43619C33-41B0-4E53-99EF-1A01A6F1614C}.Release|Any CPU.Build.0 = Release|Any CPU
		{A250C5DE-ABC5-40D5-A066-78D8D91DD480}.Debug|Any CPU.ActiveCfg = Debug|Any CPU
		{A250C5DE-ABC5-40D5-A066-78D8D91DD480}.Debug|Any CPU.Build.0 = Debug|Any CPU
		{A250C5DE-ABC5-40D5-A066-78D8D91DD480}.Release|Any CPU.ActiveCfg = Release|Any CPU
		{A250C5DE-ABC5-40D5-A066-78D8D91DD480}.Release|Any CPU.Build.0 = Release|Any CPU
		{44363274-64D1-48F3-B8BB-8AD6C8495701}.Debug|Any CPU.ActiveCfg = Debug|Any CPU
		{44363274-64D1-48F3-B8BB-8AD6C8495701}.Debug|Any CPU.Build.0 = Debug|Any CPU
		{44363274-64D1-48F3-B8BB-8AD6C8495701}.Release|Any CPU.ActiveCfg = Release|Any CPU
		{44363274-64D1-48F3-B8BB-8AD6C8495701}.Release|Any CPU.Build.0 = Release|Any CPU
		{0AEEB272-B6F0-4934-87B1-60E7A43812CF}.Debug|Any CPU.ActiveCfg = Debug|Any CPU
		{0AEEB272-B6F0-4934-87B1-60E7A43812CF}.Debug|Any CPU.Build.0 = Debug|Any CPU
		{0AEEB272-B6F0-4934-87B1-60E7A43812CF}.Release|Any CPU.ActiveCfg = Release|Any CPU
		{0AEEB272-B6F0-4934-87B1-60E7A43812CF}.Release|Any CPU.Build.0 = Release|Any CPU
	EndGlobalSection
	GlobalSection(SolutionProperties) = preSolution
		HideSolutionNode = FALSE
	EndGlobalSection
	GlobalSection(NestedProjects) = preSolution
		{D06168A7-F4A6-446D-B237-3DC3622EBF6D} = {5C639FB4-0C62-45F2-ADB2-83D73A6EB724}
		{42E5675B-824C-455F-A942-5C532D0FA2B3} = {5C639FB4-0C62-45F2-ADB2-83D73A6EB724}
		{471F9D24-BAB4-44A0-9014-46273104777A} = {5C639FB4-0C62-45F2-ADB2-83D73A6EB724}
		{6D26A270-EED1-415F-927D-CFC1E6509682} = {5C639FB4-0C62-45F2-ADB2-83D73A6EB724}
		{12AB2312-1A0A-46E0-BFB2-D4DFE2228DA5} = {19CE2236-D84D-4D2E-8C24-ABA5E727F2D5}
		{E18015DA-56EE-42EF-85D7-B48BE8B411A0} = {50A4F20C-8267-4271-85EC-EC3020E4818E}
		{185DDDAA-466A-47B5-97DA-3352728CA3B2} = {50A4F20C-8267-4271-85EC-EC3020E4818E}
		{62FF25A7-67F6-4262-A694-52D2AEB47E2A} = {235AFE2C-ED55-46E6-8F7F-CC73509FBA4A}
		{B429470C-6734-422C-8E9B-D30A73A0ABE1} = {235AFE2C-ED55-46E6-8F7F-CC73509FBA4A}
		{43619C33-41B0-4E53-99EF-1A01A6F1614C} = {235AFE2C-ED55-46E6-8F7F-CC73509FBA4A}
		{A250C5DE-ABC5-40D5-A066-78D8D91DD480} = {235AFE2C-ED55-46E6-8F7F-CC73509FBA4A}
		{44363274-64D1-48F3-B8BB-8AD6C8495701} = {6D26A270-EED1-415F-927D-CFC1E6509682}
		{0AEEB272-B6F0-4934-87B1-60E7A43812CF} = {12AB2312-1A0A-46E0-BFB2-D4DFE2228DA5}
	EndGlobalSection
EndGlobal
